
Microsoft Visual Studio Solution File, Format Version 12.00
# Visual Studio Version 16
VisualStudioVersion = 16.0.30011.22
MinimumVisualStudioVersion = 10.0.40219.1
Project("{FAE04EC0-301F-11D3-BF4B-00C04F79EFBC}") = "Opdracht groen 02 - Ouderbijdrage school", "Opdracht groen 02 - Ouderbijdrage school\Opdracht groen 02 - Ouderbijdrage school.csproj", "{64F9CF3E-CCEA-4548-9B58-9974C45BF3B3}"
EndProject
Global
	GlobalSection(SolutionConfigurationPlatforms) = preSolution
		Debug|Any CPU = Debug|Any CPU
		Release|Any CPU = Release|Any CPU
	EndGlobalSection
	GlobalSection(ProjectConfigurationPlatforms) = postSolution
		{64F9CF3E-CCEA-4548-9B58-9974C45BF3B3}.Debug|Any CPU.ActiveCfg = Debug|Any CPU
		{64F9CF3E-CCEA-4548-9B58-9974C45BF3B3}.Debug|Any CPU.Build.0 = Debug|Any CPU
		{64F9CF3E-CCEA-4548-9B58-9974C45BF3B3}.Release|Any CPU.ActiveCfg = Release|Any CPU
		{64F9CF3E-CCEA-4548-9B58-9974C45BF3B3}.Release|Any CPU.Build.0 = Release|Any CPU
	EndGlobalSection
	GlobalSection(SolutionProperties) = preSolution
		HideSolutionNode = FALSE
	EndGlobalSection
	GlobalSection(ExtensibilityGlobals) = postSolution
		SolutionGuid = {03AA4873-7190-4408-9A0D-F06A9343E94E}
	EndGlobalSection
EndGlobal
